
Microsoft Visual Studio Solution File, Format Version 12.00
# Visual Studio Version 16
VisualStudioVersion = 16.0.34601.136
MinimumVisualStudioVersion = 10.0.40219.1
Project("{FAE04EC0-301F-11D3-BF4B-00C04F79EFBC}") = "SPM_Worker", "SPM_Worker.csproj", "{8F03C9B6-D30D-41E4-B459-2C698EEFEEC7}"
EndProject
Project("{FAE04EC0-301F-11D3-BF4B-00C04F79EFBC}") = "API_NovaPoshta", "..\API_NovaPoshta\API_NovaPoshta.csproj", "{5BC1BD60-43DE-42DD-A4B1-60602CAF3C76}"
EndProject
Project("{FAE04EC0-301F-11D3-BF4B-00C04F79EFBC}") = "SPM_print", "..\SPM_print\SPM_print.csproj", "{C994EAA6-5BD1-4943-AD6B-316C45AE4A9E}"
EndProject
Project("{FAE04EC0-301F-11D3-BF4B-00C04F79EFBC}") = "SPM_Core", "..\SPM_Core\SPM_Core.csproj", "{B383ACBF-1ED9-458D-89E6-010F306F32B7}"
EndProject
Project("{FAE04EC0-301F-11D3-BF4B-00C04F79EFBC}") = "update", "..\update\update.csproj", "{45A560F7-1A9D-472E-BF5F-25C4E4B3EC34}"
	ProjectSection(ProjectDependencies) = postProject
		{8F03C9B6-D30D-41E4-B459-2C698EEFEEC7} = {8F03C9B6-D30D-41E4-B459-2C698EEFEEC7}
	EndProjectSection
EndProject
Project("{54435603-DBB4-11D2-8724-00A0C9A8B90C}") = "SholomProMax", "..\SholomProMax\SholomProMax.vdproj", "{7B861D7B-1F0E-4AF3-82D7-709C23DC70E7}"
	ProjectSection(ProjectDependencies) = postProject
		{5BC1BD60-43DE-42DD-A4B1-60602CAF3C76} = {5BC1BD60-43DE-42DD-A4B1-60602CAF3C76}
		{C994EAA6-5BD1-4943-AD6B-316C45AE4A9E} = {C994EAA6-5BD1-4943-AD6B-316C45AE4A9E}
		{8F03C9B6-D30D-41E4-B459-2C698EEFEEC7} = {8F03C9B6-D30D-41E4-B459-2C698EEFEEC7}
		{B383ACBF-1ED9-458D-89E6-010F306F32B7} = {B383ACBF-1ED9-458D-89E6-010F306F32B7}
		{45A560F7-1A9D-472E-BF5F-25C4E4B3EC34} = {45A560F7-1A9D-472E-BF5F-25C4E4B3EC34}
	EndProjectSection
EndProject
Global
	GlobalSection(SolutionConfigurationPlatforms) = preSolution
		Debug|Any CPU = Debug|Any CPU
		Release|Any CPU = Release|Any CPU
	EndGlobalSection
	GlobalSection(ProjectConfigurationPlatforms) = postSolution
		{8F03C9B6-D30D-41E4-B459-2C698EEFEEC7}.Debug|Any CPU.ActiveCfg = Debug|Any CPU
		{8F03C9B6-D30D-41E4-B459-2C698EEFEEC7}.Debug|Any CPU.Build.0 = Debug|Any CPU
		{8F03C9B6-D30D-41E4-B459-2C698EEFEEC7}.Release|Any CPU.ActiveCfg = Release|Any CPU
		{8F03C9B6-D30D-41E4-B459-2C698EEFEEC7}.Release|Any CPU.Build.0 = Release|Any CPU
		{5BC1BD60-43DE-42DD-A4B1-60602CAF3C76}.Debug|Any CPU.ActiveCfg = Debug|Any CPU
		{5BC1BD60-43DE-42DD-A4B1-60602CAF3C76}.Debug|Any CPU.Build.0 = Debug|Any CPU
		{5BC1BD60-43DE-42DD-A4B1-60602CAF3C76}.Release|Any CPU.ActiveCfg = Release|Any CPU
		{5BC1BD60-43DE-42DD-A4B1-60602CAF3C76}.Release|Any CPU.Build.0 = Release|Any CPU
		{C994EAA6-5BD1-4943-AD6B-316C45AE4A9E}.Debug|Any CPU.ActiveCfg = Debug|Any CPU
		{C994EAA6-5BD1-4943-AD6B-316C45AE4A9E}.Debug|Any CPU.Build.0 = Debug|Any CPU
		{C994EAA6-5BD1-4943-AD6B-316C45AE4A9E}.Release|Any CPU.ActiveCfg = Release|Any CPU
		{C994EAA6-5BD1-4943-AD6B-316C45AE4A9E}.Release|Any CPU.Build.0 = Release|Any CPU
		{B383ACBF-1ED9-458D-89E6-010F306F32B7}.Debug|Any CPU.ActiveCfg = Debug|Any CPU
		{B383ACBF-1ED9-458D-89E6-010F306F32B7}.Debug|Any CPU.Build.0 = Debug|Any CPU
		{B383ACBF-1ED9-458D-89E6-010F306F32B7}.Release|Any CPU.ActiveCfg = Release|Any CPU
		{B383ACBF-1ED9-458D-89E6-010F306F32B7}.Release|Any CPU.Build.0 = Release|Any CPU
		{45A560F7-1A9D-472E-BF5F-25C4E4B3EC34}.Debug|Any CPU.ActiveCfg = Debug|Any CPU
		{45A560F7-1A9D-472E-BF5F-25C4E4B3EC34}.Debug|Any CPU.Build.0 = Debug|Any CPU
		{45A560F7-1A9D-472E-BF5F-25C4E4B3EC34}.Release|Any CPU.ActiveCfg = Release|Any CPU
		{45A560F7-1A9D-472E-BF5F-25C4E4B3EC34}.Release|Any CPU.Build.0 = Release|Any CPU
		{7B861D7B-1F0E-4AF3-82D7-709C23DC70E7}.Debug|Any CPU.ActiveCfg = Debug
		{7B861D7B-1F0E-4AF3-82D7-709C23DC70E7}.Release|Any CPU.ActiveCfg = Release
		{7B861D7B-1F0E-4AF3-82D7-709C23DC70E7}.Release|Any CPU.Build.0 = Release
	EndGlobalSection
	GlobalSection(SolutionProperties) = preSolution
		HideSolutionNode = FALSE
	EndGlobalSection
	GlobalSection(ExtensibilityGlobals) = postSolution
		SolutionGuid = {BA567716-9AF8-493D-91E1-880B8F9D6D80}
	EndGlobalSection
EndGlobal
